
Microsoft Visual Studio Solution File, Format Version 12.00
# Visual Studio 15
VisualStudioVersion = 15.0.26730.16
MinimumVisualStudioVersion = 10.0.40219.1
Project("{8BC9CEB8-8B4A-11D0-8D11-00A0C91BC942}") = "Lab-0606", "Lab-0606\Lab-0606.vcxproj", "{119DDEB4-72C6-4224-99A0-23E7F968CE0F}"
EndProject
Global
	GlobalSection(SolutionConfigurationPlatforms) = preSolution
		Debug|x64 = Debug|x64
		Debug|x86 = Debug|x86
		Release|x64 = Release|x64
		Release|x86 = Release|x86
	EndGlobalSection
	GlobalSection(ProjectConfigurationPlatforms) = postSolution
		{119DDEB4-72C6-4224-99A0-23E7F968CE0F}.Debug|x64.ActiveCfg = Debug|x64
		{119DDEB4-72C6-4224-99A0-23E7F968CE0F}.Debug|x64.Build.0 = Debug|x64
		{119DDEB4-72C6-4224-99A0-23E7F968CE0F}.Debug|x86.ActiveCfg = Debug|Win32
		{119DDEB4-72C6-4224-99A0-23E7F968CE0F}.Debug|x86.Build.0 = Debug|Win32
		{119DDEB4-72C6-4224-99A0-23E7F968CE0F}.Release|x64.ActiveCfg = Release|x64
		{119DDEB4-72C6-4224-99A0-23E7F968CE0F}.Release|x64.Build.0 = Release|x64
		{119DDEB4-72C6-4224-99A0-23E7F968CE0F}.Release|x86.ActiveCfg = Release|Win32
		{119DDEB4-72C6-4224-99A0-23E7F968CE0F}.Release|x86.Build.0 = Release|Win32
	EndGlobalSection
	GlobalSection(SolutionProperties) = preSolution
		HideSolutionNode = FALSE
	EndGlobalSection
	GlobalSection(ExtensibilityGlobals) = postSolution
		SolutionGuid = {52826158-BF08-44D6-A9E0-EDB2F9A9DD23}
	EndGlobalSection
EndGlobal
